
Microsoft Visual Studio Solution File, Format Version 12.00
# Visual Studio Version 16
VisualStudioVersion = 16.0.30804.86
MinimumVisualStudioVersion = 10.0.40219.1
Project("{FAE04EC0-301F-11D3-BF4B-00C04F79EFBC}") = "RemoteDoorbell", "RemoteDoorbell\RemoteDoorbell.csproj", "{B43AC415-BB24-469A-8D65-08F2806DB701}"
EndProject
Global
	GlobalSection(SolutionConfigurationPlatforms) = preSolution
		Debug|Any CPU = Debug|Any CPU
		Release|Any CPU = Release|Any CPU
	EndGlobalSection
	GlobalSection(ProjectConfigurationPlatforms) = postSolution
		{B43AC415-BB24-469A-8D65-08F2806DB701}.Debug|Any CPU.ActiveCfg = Debug|Any CPU
		{B43AC415-BB24-469A-8D65-08F2806DB701}.Debug|Any CPU.Build.0 = Debug|Any CPU
		{B43AC415-BB24-469A-8D65-08F2806DB701}.Release|Any CPU.ActiveCfg = Release|Any CPU
		{B43AC415-BB24-469A-8D65-08F2806DB701}.Release|Any CPU.Build.0 = Release|Any CPU
	EndGlobalSection
	GlobalSection(SolutionProperties) = preSolution
		HideSolutionNode = FALSE
	EndGlobalSection
	GlobalSection(ExtensibilityGlobals) = postSolution
		SolutionGuid = {D23AAE24-229B-4663-87A4-2286B26389D6}
	EndGlobalSection
EndGlobal
